
Microsoft Visual Studio Solution File, Format Version 12.00
# Visual Studio Version 17
VisualStudioVersion = 17.5.002.0
MinimumVisualStudioVersion = 10.0.40219.1
Project("{9A19103F-16F7-4668-BE54-9A1E7A4F7556}") = "Auth.Microservice", "Auth.Microservice.csproj", "{B039E3A2-4273-4385-96A2-F82D2D70B4F0}"
EndProject
Global
	GlobalSection(SolutionConfigurationPlatforms) = preSolution
		Debug|Any CPU = Debug|Any CPU
		Release|Any CPU = Release|Any CPU
	EndGlobalSection
	GlobalSection(ProjectConfigurationPlatforms) = postSolution
		{B039E3A2-4273-4385-96A2-F82D2D70B4F0}.Debug|Any CPU.ActiveCfg = Debug|Any CPU
		{B039E3A2-4273-4385-96A2-F82D2D70B4F0}.Debug|Any CPU.Build.0 = Debug|Any CPU
		{B039E3A2-4273-4385-96A2-F82D2D70B4F0}.Release|Any CPU.ActiveCfg = Release|Any CPU
		{B039E3A2-4273-4385-96A2-F82D2D70B4F0}.Release|Any CPU.Build.0 = Release|Any CPU
	EndGlobalSection
	GlobalSection(SolutionProperties) = preSolution
		HideSolutionNode = FALSE
	EndGlobalSection
	GlobalSection(ExtensibilityGlobals) = postSolution
		SolutionGuid = {638D4F4A-DFF1-4E89-9B12-D5AB09CA6D55}
	EndGlobalSection
EndGlobal
